
Microsoft Visual Studio Solution File, Format Version 12.00
# Visual Studio 15
VisualStudioVersion = 15.0.27428.2027
MinimumVisualStudioVersion = 10.0.40219.1
Project("{9A19103F-16F7-4668-BE54-9A1E7A4F7556}") = "Divergic.Logging.Sentry", "Divergic.Logging.Sentry\Divergic.Logging.Sentry.csproj", "{1D42E6CC-0B85-4368-8FDE-D1CB8A346889}"
EndProject
Project("{9A19103F-16F7-4668-BE54-9A1E7A4F7556}") = "Divergic.Logging.Sentry.UnitTests", "Divergic.Logging.Sentry.UnitTests\Divergic.Logging.Sentry.UnitTests.csproj", "{F6EB7640-3041-4F02-AD4D-F1FA0ED2573B}"
EndProject
Project("{9A19103F-16F7-4668-BE54-9A1E7A4F7556}") = "Divergic.Logging.Sentry.Autofac", "Divergic.Logging.Sentry.Autofac\Divergic.Logging.Sentry.Autofac.csproj", "{ACAB1747-405F-4678-B313-B13A8425DE8B}"
EndProject
Project("{9A19103F-16F7-4668-BE54-9A1E7A4F7556}") = "Divergic.Logging.Sentry.Autofac.UnitTests", "Divergic.Logging.Sentry.Autofac.UnitTests\Divergic.Logging.Sentry.Autofac.UnitTests.csproj", "{F59B2EAF-C3EB-46EE-B062-5CFCEDDD3553}"
EndProject
Project("{2150E333-8FDC-42A3-9474-1A3956D46DE8}") = "Application", "Application", "{7ED45139-C14E-4584-8A0A-8C4D4CCC163B}"
EndProject
Project("{2150E333-8FDC-42A3-9474-1A3956D46DE8}") = "Unit Tests", "Unit Tests", "{0D524C77-3D01-4BD3-93E8-D543C3CD8320}"
EndProject
Project("{2150E333-8FDC-42A3-9474-1A3956D46DE8}") = "Solution Items", "Solution Items", "{A6349EC7-FA01-41DC-8950-1F3D950F35A8}"
	ProjectSection(SolutionItems) = preProject
		.gitignore = .gitignore
		Divergic.Logging.Sentry.All.nuspec = Divergic.Logging.Sentry.All.nuspec
		GitVersion.yml = GitVersion.yml
		LICENSE = LICENSE
		README.md = README.md
	EndProjectSection
EndProject
Project("{2150E333-8FDC-42A3-9474-1A3956D46DE8}") = "Integration Tests", "Integration Tests", "{792F2872-BD1B-4F24-A9C9-32A909F6AE9A}"
EndProject
Project("{9A19103F-16F7-4668-BE54-9A1E7A4F7556}") = "Divergic.Logging.Sentry.IntegrationTests", "Divergic.Logging.Sentry.IntegrationTests\Divergic.Logging.Sentry.IntegrationTests.csproj", "{75090707-0874-49B6-ABAE-8F5716F32DA9}"
EndProject
Global
	GlobalSection(SolutionConfigurationPlatforms) = preSolution
		Debug|Any CPU = Debug|Any CPU
		Release|Any CPU = Release|Any CPU
	EndGlobalSection
	GlobalSection(ProjectConfigurationPlatforms) = postSolution
		{1D42E6CC-0B85-4368-8FDE-D1CB8A346889}.Debug|Any CPU.ActiveCfg = Debug|Any CPU
		{1D42E6CC-0B85-4368-8FDE-D1CB8A346889}.Debug|Any CPU.Build.0 = Debug|Any CPU
		{1D42E6CC-0B85-4368-8FDE-D1CB8A346889}.Release|Any CPU.ActiveCfg = Release|Any CPU
		{1D42E6CC-0B85-4368-8FDE-D1CB8A346889}.Release|Any CPU.Build.0 = Release|Any CPU
		{F6EB7640-3041-4F02-AD4D-F1FA0ED2573B}.Debug|Any CPU.ActiveCfg = Debug|Any CPU
		{F6EB7640-3041-4F02-AD4D-F1FA0ED2573B}.Debug|Any CPU.Build.0 = Debug|Any CPU
		{F6EB7640-3041-4F02-AD4D-F1FA0ED2573B}.Release|Any CPU.ActiveCfg = Release|Any CPU
		{F6EB7640-3041-4F02-AD4D-F1FA0ED2573B}.Release|Any CPU.Build.0 = Release|Any CPU
		{ACAB1747-405F-4678-B313-B13A8425DE8B}.Debug|Any CPU.ActiveCfg = Debug|Any CPU
		{ACAB1747-405F-4678-B313-B13A8425DE8B}.Debug|Any CPU.Build.0 = Debug|Any CPU
		{ACAB1747-405F-4678-B313-B13A8425DE8B}.Release|Any CPU.ActiveCfg = Release|Any CPU
		{ACAB1747-405F-4678-B313-B13A8425DE8B}.Release|Any CPU.Build.0 = Release|Any CPU
		{F59B2EAF-C3EB-46EE-B062-5CFCEDDD3553}.Debug|Any CPU.ActiveCfg = Debug|Any CPU
		{F59B2EAF-C3EB-46EE-B062-5CFCEDDD3553}.Debug|Any CPU.Build.0 = Debug|Any CPU
		{F59B2EAF-C3EB-46EE-B062-5CFCEDDD3553}.Release|Any CPU.ActiveCfg = Release|Any CPU
		{F59B2EAF-C3EB-46EE-B062-5CFCEDDD3553}.Release|Any CPU.Build.0 = Release|Any CPU
		{75090707-0874-49B6-ABAE-8F5716F32DA9}.Debug|Any CPU.ActiveCfg = Debug|Any CPU
		{75090707-0874-49B6-ABAE-8F5716F32DA9}.Debug|Any CPU.Build.0 = Debug|Any CPU
		{75090707-0874-49B6-ABAE-8F5716F32DA9}.Release|Any CPU.ActiveCfg = Release|Any CPU
		{75090707-0874-49B6-ABAE-8F5716F32DA9}.Release|Any CPU.Build.0 = Release|Any CPU
	EndGlobalSection
	GlobalSection(SolutionProperties) = preSolution
		HideSolutionNode = FALSE
	EndGlobalSection
	GlobalSection(NestedProjects) = preSolution
		{1D42E6CC-0B85-4368-8FDE-D1CB8A346889} = {7ED45139-C14E-4584-8A0A-8C4D4CCC163B}
		{F6EB7640-3041-4F02-AD4D-F1FA0ED2573B} = {0D524C77-3D01-4BD3-93E8-D543C3CD8320}
		{ACAB1747-405F-4678-B313-B13A8425DE8B} = {7ED45139-C14E-4584-8A0A-8C4D4CCC163B}
		{F59B2EAF-C3EB-46EE-B062-5CFCEDDD3553} = {0D524C77-3D01-4BD3-93E8-D543C3CD8320}
		{75090707-0874-49B6-ABAE-8F5716F32DA9} = {792F2872-BD1B-4F24-A9C9-32A909F6AE9A}
	EndGlobalSection
	GlobalSection(ExtensibilityGlobals) = postSolution
		SolutionGuid = {86D69A60-BDC1-46D5-A3E7-FEBB50362170}
	EndGlobalSection
EndGlobal
